lockVersion: 2.0.0
id: 5d762f7e-65e3-46eb-8762-e7545be8964b
management:
  docChecksum: 0508b67f346f9ab75b5e015c8df61b1b
  docVersion: 3.0.0
  speakeasyVersion: 1.486.0
  generationVersion: 2.505.0
  releaseVersion: 0.25.0
  configChecksum: 7d94cf6334426602d89659ac1644a18e
  repoURL: https://github.com/PushPress/pushpress-ts.git
  installationURL: https://github.com/PushPress/pushpress-ts
  published: true
features:
  typescript:
    additionalDependencies: 0.1.0
    additionalProperties: 0.1.1
    constsAndDefaults: 0.1.11
    core: 3.19.0
    defaultEnabledRetries: 0.1.0
    devContainers: 2.90.0
    enumUnions: 0.1.0
    envVarSecurityUsage: 0.1.2
    globalSecurity: 2.82.12
    globalSecurityCallbacks: 0.1.0
    globalSecurityFlattening: 0.1.0
    globalServerURLs: 2.82.4
    globals: 2.82.2
    groups: 2.81.2
    methodSecurity: 2.82.5
    nameOverrides: 2.81.2
    nullables: 0.1.0
    operationTimeout: 0.2.0
    pagination: 2.82.8
    responseFormat: 0.2.3
    retries: 2.83.0
    sdkHooks: 0.2.0
    serverIDs: 2.81.2
    unions: 2.85.8
    webhookHandlers: 0.1.0
    webhooks: 1.5.0
generatedFiles:
  - .devcontainer/README.md
  - .devcontainer/devcontainer.json
  - .devcontainer/setup.sh
  - .gitattributes
  - .npmignore
  - FUNCTIONS.md
  - RUNTIMES.md
  - USAGE.md
  - docs/lib/utils/retryconfig.md
  - docs/models/components/account.md
  - docs/models/components/address.md
  - docs/models/components/apikey.md
  - docs/models/components/app.md
  - docs/models/components/appinstall.md
  - docs/models/components/appinstallcompany.md
  - docs/models/components/appointment.md
  - docs/models/components/appointmentcheckin.md
  - docs/models/components/appointmenttype.md
  - docs/models/components/billingschedule.md
  - docs/models/components/category.md
  - docs/models/components/checkin.md
  - docs/models/components/checkindetails.md
  - docs/models/components/class.md
  - docs/models/components/classcheckin.md
  - docs/models/components/classcheckinrole.md
  - docs/models/components/classcheckintype.md
  - docs/models/components/company.md
  - docs/models/components/country.md
  - docs/models/components/customer.md
  - docs/models/components/customeraddress.md
  - docs/models/components/customerrole.md
  - docs/models/components/emergencycontact.md
  - docs/models/components/enrollment.md
  - docs/models/components/enrollmentstatus.md
  - docs/models/components/entitlements.md
  - docs/models/components/eventcheckin.md
  - docs/models/components/four.md
  - docs/models/components/gender.md
  - docs/models/components/installation.md
  - docs/models/components/location.md
  - docs/models/components/membershipdetails.md
  - docs/models/components/metadata.md
  - docs/models/components/name.md
  - docs/models/components/one.md
  - docs/models/components/opencheckin.md
  - docs/models/components/period.md
  - docs/models/components/plan.md
  - docs/models/components/policies.md
  - docs/models/components/recurrencedetails.md
  - docs/models/components/recurrencedetails1.md
  - docs/models/components/recurrencedetails2.md
  - docs/models/components/reservation.md
  - docs/models/components/role.md
  - docs/models/components/security.md
  - docs/models/components/status.md
  - docs/models/components/three.md
  - docs/models/components/two.md
  - docs/models/components/type.md
  - docs/models/errors/badrequest.md
  - docs/models/errors/internalservererror.md
  - docs/models/errors/notfound.md
  - docs/models/errors/ratelimited.md
  - docs/models/errors/timeout.md
  - docs/models/errors/unauthorized.md
  - docs/models/operations/account.md
  - docs/models/operations/accounttype.md
  - docs/models/operations/activatewebhookglobals.md
  - docs/models/operations/activatewebhookrequest.md
  - docs/models/operations/activatewebhookresponsebody.md
  - docs/models/operations/address.md
  - docs/models/operations/countcheckinsglobals.md
  - docs/models/operations/countcheckinsrequest.md
  - docs/models/operations/countcheckinsresponsebody.md
  - docs/models/operations/countcheckinssessionqueryparaminclude.md
  - docs/models/operations/createapikeyglobals.md
  - docs/models/operations/createapikeyrequest.md
  - docs/models/operations/createapikeyrequestbody.md
  - docs/models/operations/createapikeyresponsebody.md
  - docs/models/operations/createapikeysecurity.md
  - docs/models/operations/createcustomerglobals.md
  - docs/models/operations/createcustomerrequest.md
  - docs/models/operations/createcustomerrequestbody.md
  - docs/models/operations/createcustomerresponsebody.md
  - docs/models/operations/createwebhookeventtypes.md
  - docs/models/operations/createwebhookglobals.md
  - docs/models/operations/createwebhookrequest.md
  - docs/models/operations/createwebhookrequestbody.md
  - docs/models/operations/createwebhookresponsebody.md
  - docs/models/operations/data.md
  - docs/models/operations/deletewebhookglobals.md
  - docs/models/operations/deletewebhookrequest.md
  - docs/models/operations/emergencycontact.md
  - docs/models/operations/errors.md
  - docs/models/operations/eventtypes.md
  - docs/models/operations/eventtypes1.md
  - docs/models/operations/eventtypes2.md
  - docs/models/operations/expand.md
  - docs/models/operations/four.md
  - docs/models/operations/gender.md
  - docs/models/operations/getapikeyglobals.md
  - docs/models/operations/getapikeyrequest.md
  - docs/models/operations/getapikeysecurity.md
  - docs/models/operations/getappointmentcheckinglobals.md
  - docs/models/operations/getappointmentcheckinrequest.md
  - docs/models/operations/getclasscheckinglobals.md
  - docs/models/operations/getclasscheckinrequest.md
  - docs/models/operations/getclassglobals.md
  - docs/models/operations/getclassrequest.md
  - docs/models/operations/getcompanyglobals.md
  - docs/models/operations/getcompanyrequest.md
  - docs/models/operations/getcustomerglobals.md
  - docs/models/operations/getcustomerrequest.md
  - docs/models/operations/getenrollmentglobals.md
  - docs/models/operations/getenrollmentrequest.md
  - docs/models/operations/geteventcheckinglobals.md
  - docs/models/operations/geteventcheckinrequest.md
  - docs/models/operations/getopencheckinglobals.md
  - docs/models/operations/getopencheckinrequest.md
  - docs/models/operations/getplanglobals.md
  - docs/models/operations/getplanrequest.md
  - docs/models/operations/getwebhookeventtypes.md
  - docs/models/operations/getwebhookglobals.md
  - docs/models/operations/getwebhookrequest.md
  - docs/models/operations/getwebhookresponsebody.md
  - docs/models/operations/include.md
  - docs/models/operations/invalidaliases.md
  - docs/models/operations/listapikeysdata.md
  - docs/models/operations/listapikeysglobals.md
  - docs/models/operations/listapikeysrequest.md
  - docs/models/operations/listapikeysresponsebody.md
  - docs/models/operations/listapikeyssecurity.md
  - docs/models/operations/listappointmentcheckinsdata.md
  - docs/models/operations/listappointmentcheckinsglobals.md
  - docs/models/operations/listappointmentcheckinsrequest.md
  - docs/models/operations/listappointmentcheckinsresponse.md
  - docs/models/operations/listappointmentcheckinsresponsebody.md
  - docs/models/operations/listclasscheckinsdata.md
  - docs/models/operations/listclasscheckinsglobals.md
  - docs/models/operations/listclasscheckinsrequest.md
  - docs/models/operations/listclasscheckinsresponse.md
  - docs/models/operations/listclasscheckinsresponsebody.md
  - docs/models/operations/listcustomersdata.md
  - docs/models/operations/listcustomersglobals.md
  - docs/models/operations/listcustomersrequest.md
  - docs/models/operations/listcustomersresponse.md
  - docs/models/operations/listcustomersresponsebody.md
  - docs/models/operations/listeventcheckinsglobals.md
  - docs/models/operations/listeventcheckinsrequest.md
  - docs/models/operations/listeventcheckinsresponse.md
  - docs/models/operations/listeventcheckinsresponsebody.md
  - docs/models/operations/listopencheckinsdata.md
  - docs/models/operations/listopencheckinsglobals.md
  - docs/models/operations/listopencheckinsrequest.md
  - docs/models/operations/listopencheckinsresponse.md
  - docs/models/operations/listopencheckinsresponsebody.md
  - docs/models/operations/listwebhooksdata.md
  - docs/models/operations/listwebhookseventtypes.md
  - docs/models/operations/listwebhooksglobals.md
  - docs/models/operations/listwebhooksrequest.md
  - docs/models/operations/listwebhooksresponsebody.md
  - docs/models/operations/name.md
  - docs/models/operations/one.md
  - docs/models/operations/queryparam1.md
  - docs/models/operations/queryparam2.md
  - docs/models/operations/queryparaminclude.md
  - docs/models/operations/replyto.md
  - docs/models/operations/responsebody1.md
  - docs/models/operations/responsebody2.md
  - docs/models/operations/responsebody3.md
  - docs/models/operations/responsebody4.md
  - docs/models/operations/revokeapikeyglobals.md
  - docs/models/operations/revokeapikeyrequest.md
  - docs/models/operations/revokeapikeysecurity.md
  - docs/models/operations/role.md
  - docs/models/operations/rotatewebhooksigningsecretglobals.md
  - docs/models/operations/rotatewebhooksigningsecretrequest.md
  - docs/models/operations/rotatewebhooksigningsecretresponsebody.md
  - docs/models/operations/sendemailglobals.md
  - docs/models/operations/sendemailrequest.md
  - docs/models/operations/sendemailrequestbody.md
  - docs/models/operations/sendemailresponsebody.md
  - docs/models/operations/sendeventglobals.md
  - docs/models/operations/sendeventrequest.md
  - docs/models/operations/sendeventrequestbody.md
  - docs/models/operations/sendpushglobals.md
  - docs/models/operations/sendpushrequest.md
  - docs/models/operations/sendpushrequestbody.md
  - docs/models/operations/sendpushresponsebody.md
  - docs/models/operations/sendsmsglobals.md
  - docs/models/operations/sendsmsrequest.md
  - docs/models/operations/sendsmsrequestbody.md
  - docs/models/operations/session.md
  - docs/models/operations/sessionqueryparaminclude.md
  - docs/models/operations/status.md
  - docs/models/operations/three.md
  - docs/models/operations/two.md
  - docs/models/operations/type.md
  - docs/models/operations/updatewebhookeventtypes.md
  - docs/models/operations/updatewebhookglobals.md
  - docs/models/operations/updatewebhookmanagewebhookseventtypes.md
  - docs/models/operations/updatewebhookrequest.md
  - docs/models/operations/updatewebhookrequestbody.md
  - docs/models/operations/updatewebhookresponsebody.md
  - docs/models/webhooks/appinstalledeventevent.md
  - docs/models/webhooks/appinstalledeventrequestbody.md
  - docs/models/webhooks/appointmentcanceledeventevent.md
  - docs/models/webhooks/appointmentcanceledeventrequestbody.md
  - docs/models/webhooks/appointmentnoshowedeventevent.md
  - docs/models/webhooks/appointmentnoshowedeventrequestbody.md
  - docs/models/webhooks/appointmentrescheduledeventevent.md
  - docs/models/webhooks/appointmentrescheduledeventrequestbody.md
  - docs/models/webhooks/appointmentscheduledeventevent.md
  - docs/models/webhooks/appointmentscheduledeventrequestbody.md
  - docs/models/webhooks/appuninstalledeventevent.md
  - docs/models/webhooks/appuninstalledeventrequestbody.md
  - docs/models/webhooks/checkincreatedeventrequestbody.md
  - docs/models/webhooks/checkindeletedeventevent.md
  - docs/models/webhooks/checkindeletedeventrequestbody.md
  - docs/models/webhooks/checkinupdatedeventevent.md
  - docs/models/webhooks/checkinupdatedeventrequestbody.md
  - docs/models/webhooks/classcanceledeventevent.md
  - docs/models/webhooks/classcanceledeventrequestbody.md
  - docs/models/webhooks/customercreatedeventevent.md
  - docs/models/webhooks/customercreatedeventrequestbody.md
  - docs/models/webhooks/customerdeletedeventdata.md
  - docs/models/webhooks/customerdeletedeventevent.md
  - docs/models/webhooks/customerdeletedeventrequestbody.md
  - docs/models/webhooks/customerdetailschangedeventevent.md
  - docs/models/webhooks/customerdetailschangedeventrequestbody.md
  - docs/models/webhooks/customerstatuschangedeventevent.md
  - docs/models/webhooks/customerstatuschangedeventrequestbody.md
  - docs/models/webhooks/data.md
  - docs/models/webhooks/enrollmentcreatedeventevent.md
  - docs/models/webhooks/enrollmentcreatedeventrequestbody.md
  - docs/models/webhooks/enrollmentdeleteddata.md
  - docs/models/webhooks/enrollmentdeletedevent.md
  - docs/models/webhooks/enrollmentdeletedrequestbody.md
  - docs/models/webhooks/enrollmentstatuschangedevent.md
  - docs/models/webhooks/enrollmentstatuschangedrequestbody.md
  - docs/models/webhooks/event.md
  - docs/models/webhooks/previousvalues.md
  - docs/models/webhooks/reservationcanceledeventevent.md
  - docs/models/webhooks/reservationcanceledeventrequestbody.md
  - docs/models/webhooks/reservationcreatedeventevent.md
  - docs/models/webhooks/reservationcreatedeventrequestbody.md
  - docs/models/webhooks/reservationwaitlistedeventevent.md
  - docs/models/webhooks/reservationwaitlistedeventrequestbody.md
  - docs/sdks/apikeys/README.md
  - docs/sdks/appointment/README.md
  - docs/sdks/checkins/README.md
  - docs/sdks/class/README.md
  - docs/sdks/classes/README.md
  - docs/sdks/company/README.md
  - docs/sdks/customers/README.md
  - docs/sdks/email/README.md
  - docs/sdks/enrollment/README.md
  - docs/sdks/event/README.md
  - docs/sdks/keys/README.md
  - docs/sdks/managewebhooks/README.md
  - docs/sdks/messages/README.md
  - docs/sdks/open/README.md
  - docs/sdks/plans/README.md
  - docs/sdks/push/README.md
  - docs/sdks/pushpress/README.md
  - docs/sdks/realtime/README.md
  - docs/sdks/sms/README.md
  - eslint.config.mjs
  - jsr.json
  - package.json
  - src/core.ts
  - src/funcs/apiKeysGet.ts
  - src/funcs/apiKeysRevoke.ts
  - src/funcs/appInstalledEvent.ts
  - src/funcs/appUninstalledEvent.ts
  - src/funcs/appointmentCanceledEvent.ts
  - src/funcs/appointmentNoShowedEvent.ts
  - src/funcs/appointmentRescheduledEvent.ts
  - src/funcs/appointmentScheduledEvent.ts
  - src/funcs/checkinCreatedEvent.ts
  - src/funcs/checkinDeletedEvent.ts
  - src/funcs/checkinUpdatedEvent.ts
  - src/funcs/checkinsAppointmentGet.ts
  - src/funcs/checkinsAppointmentList.ts
  - src/funcs/checkinsClassGet.ts
  - src/funcs/checkinsClassList.ts
  - src/funcs/checkinsCount.ts
  - src/funcs/checkinsEventGet.ts
  - src/funcs/checkinsEventList.ts
  - src/funcs/checkinsOpenGet.ts
  - src/funcs/checkinsOpenList.ts
  - src/funcs/classCanceledEvent.ts
  - src/funcs/classesGet.ts
  - src/funcs/companyGet.ts
  - src/funcs/customerCreatedEvent.ts
  - src/funcs/customerDeletedEvent.ts
  - src/funcs/customerDetailsChangedEvent.ts
  - src/funcs/customerStatusChangedEvent.ts
  - src/funcs/customersCreate.ts
  - src/funcs/customersGet.ts
  - src/funcs/customersList.ts
  - src/funcs/enrollmentCreatedEvent.ts
  - src/funcs/enrollmentDeleted.ts
  - src/funcs/enrollmentGet.ts
  - src/funcs/enrollmentStatusChanged.ts
  - src/funcs/keysCreate.ts
  - src/funcs/keysList.ts
  - src/funcs/manageWebhooksActivate.ts
  - src/funcs/manageWebhooksCreate.ts
  - src/funcs/manageWebhooksDelete.ts
  - src/funcs/manageWebhooksGet.ts
  - src/funcs/manageWebhooksList.ts
  - src/funcs/manageWebhooksRotateSecret.ts
  - src/funcs/manageWebhooksUpdate.ts
  - src/funcs/messagesEmailSend.ts
  - src/funcs/messagesPushSend.ts
  - src/funcs/messagesRealtimeSend.ts
  - src/funcs/messagesSmsSend.ts
  - src/funcs/plansGet.ts
  - src/funcs/reservationCanceledEvent.ts
  - src/funcs/reservationCreatedEvent.ts
  - src/funcs/reservationWaitlistedEvent.ts
  - src/funcs/validateWebhook.ts
  - src/hooks/hooks.ts
  - src/hooks/index.ts
  - src/hooks/types.ts
  - src/index.ts
  - src/lib/base64.ts
  - src/lib/config.ts
  - src/lib/dlv.ts
  - src/lib/encodings.ts
  - src/lib/env.ts
  - src/lib/files.ts
  - src/lib/http.ts
  - src/lib/is-plain-object.ts
  - src/lib/logger.ts
  - src/lib/matchers.ts
  - src/lib/primitives.ts
  - src/lib/retries.ts
  - src/lib/schemas.ts
  - src/lib/sdks.ts
  - src/lib/security.ts
  - src/lib/url.ts
  - src/models/components/apikey.ts
  - src/models/components/appinstall.ts
  - src/models/components/appointment.ts
  - src/models/components/appointmentcheckin.ts
  - src/models/components/checkin.ts
  - src/models/components/class.ts
  - src/models/components/classcheckin.ts
  - src/models/components/company.ts
  - src/models/components/customer.ts
  - src/models/components/enrollment.ts
  - src/models/components/eventcheckin.ts
  - src/models/components/index.ts
  - src/models/components/opencheckin.ts
  - src/models/components/plan.ts
  - src/models/components/reservation.ts
  - src/models/components/security.ts
  - src/models/errors/apierror.ts
  - src/models/errors/badrequest.ts
  - src/models/errors/httpclienterrors.ts
  - src/models/errors/index.ts
  - src/models/errors/internalservererror.ts
  - src/models/errors/notfound.ts
  - src/models/errors/ratelimited.ts
  - src/models/errors/sdkvalidationerror.ts
  - src/models/errors/timeout.ts
  - src/models/errors/unauthorized.ts
  - src/models/operations/activatewebhook.ts
  - src/models/operations/countcheckins.ts
  - src/models/operations/createapikey.ts
  - src/models/operations/createcustomer.ts
  - src/models/operations/createwebhook.ts
  - src/models/operations/deletewebhook.ts
  - src/models/operations/getapikey.ts
  - src/models/operations/getappointmentcheckin.ts
  - src/models/operations/getclass.ts
  - src/models/operations/getclasscheckin.ts
  - src/models/operations/getcompany.ts
  - src/models/operations/getcustomer.ts
  - src/models/operations/getenrollment.ts
  - src/models/operations/geteventcheckin.ts
  - src/models/operations/getopencheckin.ts
  - src/models/operations/getplan.ts
  - src/models/operations/getwebhook.ts
  - src/models/operations/index.ts
  - src/models/operations/listapikeys.ts
  - src/models/operations/listappointmentcheckins.ts
  - src/models/operations/listclasscheckins.ts
  - src/models/operations/listcustomers.ts
  - src/models/operations/listeventcheckins.ts
  - src/models/operations/listopencheckins.ts
  - src/models/operations/listwebhooks.ts
  - src/models/operations/revokeapikey.ts
  - src/models/operations/rotatewebhooksigningsecret.ts
  - src/models/operations/sendemail.ts
  - src/models/operations/sendevent.ts
  - src/models/operations/sendpush.ts
  - src/models/operations/sendsms.ts
  - src/models/operations/updatewebhook.ts
  - src/models/webhooks/appinstalledevent.ts
  - src/models/webhooks/appointmentcanceledevent.ts
  - src/models/webhooks/appointmentnoshowedevent.ts
  - src/models/webhooks/appointmentrescheduledevent.ts
  - src/models/webhooks/appointmentscheduledevent.ts
  - src/models/webhooks/appuninstalledevent.ts
  - src/models/webhooks/checkincreatedevent.ts
  - src/models/webhooks/checkindeletedevent.ts
  - src/models/webhooks/checkinupdatedevent.ts
  - src/models/webhooks/classcanceledevent.ts
  - src/models/webhooks/customercreatedevent.ts
  - src/models/webhooks/customerdeletedevent.ts
  - src/models/webhooks/customerdetailschangedevent.ts
  - src/models/webhooks/customerstatuschangedevent.ts
  - src/models/webhooks/enrollmentcreatedevent.ts
  - src/models/webhooks/enrollmentdeleted.ts
  - src/models/webhooks/enrollmentstatuschanged.ts
  - src/models/webhooks/index.ts
  - src/models/webhooks/reservationcanceledevent.ts
  - src/models/webhooks/reservationcreatedevent.ts
  - src/models/webhooks/reservationwaitlistedevent.ts
  - src/sdk/apikeys.ts
  - src/sdk/appointment.ts
  - src/sdk/checkins.ts
  - src/sdk/class.ts
  - src/sdk/classes.ts
  - src/sdk/company.ts
  - src/sdk/customers.ts
  - src/sdk/email.ts
  - src/sdk/enrollment.ts
  - src/sdk/event.ts
  - src/sdk/index.ts
  - src/sdk/keys.ts
  - src/sdk/managewebhooks.ts
  - src/sdk/messages.ts
  - src/sdk/open.ts
  - src/sdk/plans.ts
  - src/sdk/push.ts
  - src/sdk/realtime.ts
  - src/sdk/sdk.ts
  - src/sdk/sms.ts
  - src/types/blobs.ts
  - src/types/constdatetime.ts
  - src/types/enums.ts
  - src/types/fp.ts
  - src/types/index.ts
  - src/types/operations.ts
  - src/types/rfcdate.ts
  - src/types/streams.ts
  - src/types/webhooks.ts
  - tsconfig.json
examples:
  checkinCreatedEvent:
    speakeasy-default-checkin-created-event:
      requestBody:
        application/json: {"data": {"id": "chk_12345", "customer": "usr_12345", "company": "cli_12345", "timestamp": 1672531200000, "name": "My Event", "kind": "event", "role": "staff", "typeId": "cit_12345", "eventId": "cal_item_12345", "type": {"id": "cit_12345", "name": "Weightlifting Seminar"}}, "created": 420989, "event": "checkin.created"}
  checkinUpdatedEvent:
    speakeasy-default-checkin-updated-event:
      requestBody:
        application/json: {"data": {"id": "chk_12345", "customer": "usr_12345", "company": "cli_12345", "timestamp": 1672531200000, "kind": "open"}, "previousValues": {"id": "apptschdl_12345", "customer": "usr_12345", "company": "cli_12345", "timestamp": 1672531200000, "name": "Personal Training", "kind": "appointment", "appointmentId": "apptschdl_12345", "typeId": "appttype_12345"}, "created": 738207, "event": "checkin.updated"}
  checkinDeletedEvent:
    speakeasy-default-checkin-deleted-event:
      requestBody:
        application/json: {"data": {}, "created": 718383, "event": "checkin.deleted"}
  appInstalledEvent:
    speakeasy-default-app-installed-event:
      requestBody:
        application/json: {"data": {"company": {"id": "company-uuid"}, "app": {"id": "app-uuid"}, "installation": {"id": "installation-uuid"}}, "created": 865806, "event": "app.installed"}
  appUninstalledEvent:
    speakeasy-default-app-uninstalled-event:
      requestBody:
        application/json: {"data": {"company": {"id": "company-uuid"}, "app": {"id": "app-uuid"}, "installation": {"id": "installation-uuid"}}, "created": 897950, "event": "app.uninstalled"}
  appointmentScheduledEvent:
    speakeasy-default-appointment-scheduled-event:
      requestBody:
        application/json: {"data": {"id": "apptschdl_12345", "type": {"name": "Personal Training"}, "companyId": "client_12345", "customerId": "usr_12345", "startTimestamp": 1677721600, "staffId": "usr_78910"}, "created": 835440, "event": "appointment.scheduled"}
  appointmentRescheduledEvent:
    speakeasy-default-appointment-rescheduled-event:
      requestBody:
        application/json: {"data": {"id": "apptschdl_12345", "type": {"name": "Personal Training"}, "companyId": "client_12345", "customerId": "usr_12345", "startTimestamp": 1677721600, "staffId": "usr_78910"}, "created": 846105, "event": "appointment.rescheduled"}
  appointmentNoShowedEvent:
    speakeasy-default-appointment-no-showed-event:
      requestBody:
        application/json: {"data": {"id": "apptschdl_12345", "type": {"name": "Personal Training"}, "companyId": "client_12345", "customerId": "usr_12345", "startTimestamp": 1677721600, "staffId": "usr_78910"}, "created": 391237, "event": "appointment.noshowed"}
  appointmentCanceledEvent:
    speakeasy-default-appointment-canceled-event:
      requestBody:
        application/json: {"data": {"id": "apptschdl_12345", "type": {"name": "Personal Training"}, "companyId": "client_12345", "customerId": "usr_12345", "startTimestamp": 1677721600, "staffId": "usr_78910"}, "created": 710519, "event": "appointment.canceled"}
  customerCreatedEvent:
    speakeasy-default-customer-created-event:
      requestBody:
        application/json: {"data": {"id": "usr_1234", "companyId": "cli_1234", "name": {"first": "John", "last": "Doe", "nickname": "jimmy"}, "gender": "male", "dob": "1990-01-01", "address": {"line1": "123 Main St", "line2": "Apt 1", "city": "Anytown", "country": "US", "state": "NY", "zip": "12345"}, "assignedToStaffId": null, "account": {"type": "primary"}, "profileImage": "https://example.com/profile.jpg", "membershipDetails": {"initialMembershipStartDate": "2022-01-01"}, "email": "john@doe.com", "phone": "+1-800-555-1234", "role": "member"}, "created": 453969, "event": "customer.created"}
  customerStatusChangedEvent:
    speakeasy-default-customer-status-changed-event:
      requestBody:
        application/json: {"data": {"id": "usr_1234", "companyId": "cli_1234", "name": {"first": "John", "last": "Doe", "nickname": "jimmy"}, "gender": "male", "dob": "1990-01-01", "address": {"line1": "123 Main St", "line2": "Apt 1", "city": "Anytown", "country": "US", "state": "NY", "zip": "12345"}, "assignedToStaffId": null, "account": {"type": "primary"}, "profileImage": "https://example.com/profile.jpg", "membershipDetails": {"initialMembershipStartDate": "2022-01-01"}, "email": "john@doe.com", "phone": "+1-800-555-1234", "role": "member"}, "previousValues": {"id": "usr_1234", "companyId": "cli_1234", "name": {"first": "John", "last": "Doe", "nickname": "jimmy"}, "gender": "male", "dob": "1990-01-01", "address": {"line1": "123 Main St", "line2": "Apt 1", "city": "Anytown", "country": "US", "state": "NY", "zip": "12345"}, "assignedToStaffId": null, "account": {"type": "primary"}, "profileImage": "https://example.com/profile.jpg", "membershipDetails": {"initialMembershipStartDate": "2022-01-01"}, "email": "john@doe.com", "phone": "+1-800-555-1234", "role": "member"}, "created": 153704, "event": "customer.status.changed"}
  customerDetailsChangedEvent:
    speakeasy-default-customer-details-changed-event:
      requestBody:
        application/json: {"data": {"id": "usr_1234", "companyId": "cli_1234", "name": {"first": "John", "last": "Doe", "nickname": "jimmy"}, "gender": "male", "dob": "1990-01-01", "address": {"line1": "123 Main St", "line2": "Apt 1", "city": "Anytown", "country": "US", "state": "NY", "zip": "12345"}, "assignedToStaffId": null, "account": {"type": "primary"}, "profileImage": "https://example.com/profile.jpg", "membershipDetails": {"initialMembershipStartDate": "2022-01-01"}, "email": "john@doe.com", "phone": "+1-800-555-1234", "role": "member"}, "created": 775111, "event": "customer.details.changed"}
  customerDeletedEvent:
    speakeasy-default-customer-deleted-event:
      requestBody:
        application/json: {"data": {}, "created": 522524, "event": "customer.deleted"}
  classCanceledEvent:
    speakeasy-default-class-canceled-event:
      requestBody:
        application/json: {"data": {"id": "cal-12345", "coachUuid": "usr_12345", "assistantCoachUuid": "usr_12345", "company": "cli_12345", "title": "My Class", "classTypeName": "HIIT", "locationUuid": "loc_12345", "reservations": [{"id": "reg_12345", "reservedId": "cal-12345", "customerId": "usr_12345", "companyId": "cli_12345", "registrationTimestamp": 1672531200000, "status": "reserved"}], "start": 1704063600, "end": 1704067200}, "created": 97537, "event": "class.canceled"}
  enrollmentCreatedEvent:
    speakeasy-default-enrollment-created-event:
      requestBody:
        application/json: {"data": {"id": "sub_12345", "customerId": "usr_12345", "companyId": "client_12345", "planId": "plan_12345", "billingSchedule": {"period": "month", "interval": 1}, "status": "active", "checkinDetails": {"checkins": 0, "limit": -1}, "entitlements": [{"type": "24_HOUR_ACCESS", "id": "plnentl_12345", "interval": "", "quantity": 1, "metadata": {}}]}, "created": 804740, "event": "enrollment.created"}
  enrollmentStatusChanged:
    speakeasy-default-enrollment-status-changed:
      requestBody:
        application/json: {"data": {"id": "sub_12345", "customerId": "usr_12345", "companyId": "client_12345", "planId": "plan_12345", "billingSchedule": {"period": "month", "interval": 1}, "status": "active", "checkinDetails": {"checkins": 0, "limit": -1}, "entitlements": [{"type": "24_HOUR_ACCESS", "id": "plnentl_12345", "interval": "", "quantity": 1, "metadata": {}}]}, "previousValues": {"id": "sub_12345", "customerId": "usr_12345", "companyId": "client_12345", "planId": "plan_12345", "billingSchedule": {"period": "month", "interval": 1}, "status": "active", "checkinDetails": {"checkins": 0, "limit": -1}, "entitlements": [{"type": "24_HOUR_ACCESS", "id": "plnentl_12345", "interval": "", "quantity": 1, "metadata": {}}]}, "created": 961657, "event": "enrollment.status.changed"}
  enrollmentDeleted:
    speakeasy-default-enrollment-deleted:
      requestBody:
        application/json: {"data": {}, "created": 230421, "event": "enrollment.deleted"}
  reservationCreatedEvent:
    speakeasy-default-reservation-created-event:
      requestBody:
        application/json: {"data": {"id": "reg_12345", "reservedId": "cal-12345", "customerId": "usr_12345", "companyId": "cli_12345", "registrationTimestamp": 1672531200000, "status": "reserved", "checkin": {"id": "apptschdl_12345", "customer": "usr_12345", "company": "cli_12345", "timestamp": 1672531200000, "name": "Personal Training", "kind": "appointment", "appointmentId": "apptschdl_12345", "typeId": "appttype_12345"}}, "created": 377467, "event": "reservation.created"}
  reservationWaitlistedEvent:
    speakeasy-default-reservation-waitlisted-event:
      requestBody:
        application/json: {"data": {"id": "reg_12345", "reservedId": "cal-12345", "customerId": "usr_12345", "companyId": "cli_12345", "registrationTimestamp": 1672531200000, "status": "reserved", "checkin": {"id": "chk_12345", "customer": "usr_12345", "company": "cli_12345", "timestamp": 1672531200000, "kind": "open"}}, "created": 902968, "event": "reservation.waitlisted"}
  reservationCanceledEvent:
    speakeasy-default-reservation-canceled-event:
      requestBody:
        application/json: {"data": {"id": "reg_12345", "reservedId": "cal-12345", "customerId": "usr_12345", "companyId": "cli_12345", "registrationTimestamp": 1672531200000, "status": "reserved", "checkin": {"id": "chk_12345", "customer": "usr_12345", "company": "cli_12345", "timestamp": 1672531200000, "kind": "open"}}, "created": 816068, "event": "reservation.canceled"}
  getEventCheckin:
    speakeasy-default-get-event-checkin:
      parameters:
        path:
          uuid: "b888f774-3e7c-4135-a18c-6b985523c4bc"
        header: {}
      responses:
        "200":
          application/json: {"id": "chk_12345", "customer": "usr_12345", "company": "cli_12345", "timestamp": 1672531200000, "name": "My Event", "kind": "event", "role": "staff", "typeId": "cit_12345", "eventId": "cal_item_12345", "type": {"id": "cit_12345", "name": "Weightlifting Seminar"}}
  listEventCheckins:
    speakeasy-default-list-event-checkins:
      parameters:
        query:
          page: 1
          limit: 10
        header: {}
      responses:
        "200":
          application/json: {"data": {"resultArray": [{"id": "chk_12345", "customer": "usr_12345", "company": "cli_12345", "timestamp": 1672531200000, "name": "My Event", "kind": "event", "role": "staff", "typeId": "cit_12345", "eventId": "cal_item_12345", "type": {"id": "cit_12345", "name": "Weightlifting Seminar"}}]}}
  getClassCheckin:
    speakeasy-default-get-class-checkin:
      parameters:
        path:
          uuid: "b888f774-3e7c-4135-a18c-6b985523c4bc"
        header: {}
      responses:
        "200":
          application/json: {"id": "chk_12345", "customer": "usr_12345", "company": "cli_12345", "timestamp": 1672531200000, "name": "My Class", "typeId": "cit_12345", "classId": "cal_item_12345", "type": {"id": "cit_12345", "name": "Group HIIT Training"}, "kind": "class", "role": "attendee"}
  listClassCheckins:
    speakeasy-default-list-class-checkins:
      parameters:
        query:
          page: 1
          limit: 10
        header: {}
      responses:
        "200":
          application/json: {"data": {"resultArray": [{"id": "chk_12345", "customer": "usr_12345", "company": "cli_12345", "timestamp": 1672531200000, "name": "My Class", "typeId": "cit_12345", "classId": "cal_item_12345", "type": {"id": "cit_12345", "name": "Group HIIT Training"}, "kind": "class", "role": "attendee"}]}}
  getOpenCheckin:
    speakeasy-default-get-open-checkin:
      parameters:
        path:
          uuid: "b888f774-3e7c-4135-a18c-6b985523c4bc"
        header: {}
      responses:
        "200":
          application/json: {"id": "chk_12345", "customer": "usr_12345", "company": "cli_12345", "timestamp": 1672531200000, "kind": "open"}
  listOpenCheckins:
    speakeasy-default-list-open-checkins:
      parameters:
        query:
          page: 1
          limit: 10
        header: {}
      responses:
        "200":
          application/json: {"data": {"resultArray": [{"id": "chk_12345", "customer": "usr_12345", "company": "cli_12345", "timestamp": 1672531200000, "kind": "open"}]}}
  getAppointmentCheckin:
    speakeasy-default-get-appointment-checkin:
      parameters:
        path:
          uuid: "b888f774-3e7c-4135-a18c-6b985523c4bc"
        header: {}
      responses:
        "200":
          application/json: {"id": "apptschdl_12345", "customer": "usr_12345", "company": "cli_12345", "timestamp": 1672531200000, "name": "Personal Training", "kind": "appointment", "appointmentId": "apptschdl_12345", "typeId": "appttype_12345"}
  listAppointmentCheckins:
    speakeasy-default-list-appointment-checkins:
      responses:
        "200":
          application/json: {"data": {"resultArray": [{"id": "apptschdl_12345", "customer": "usr_12345", "company": "cli_12345", "timestamp": 1672531200000, "name": "Personal Training", "kind": "appointment", "appointmentId": "apptschdl_12345", "typeId": "appttype_12345"}]}}
  getClass:
    speakeasy-default-get-class:
      parameters:
        path:
          id: "<id>"
        query: {}
        header: {}
      responses:
        "200":
          application/json: {"id": "cal-12345", "coachUuid": "usr_12345", "assistantCoachUuid": "usr_12345", "company": "cli_12345", "title": "My Class", "classTypeName": "HIIT", "locationUuid": "loc_12345", "reservations": [{"id": "reg_12345", "reservedId": "cal-12345", "customerId": "usr_12345", "companyId": "cli_12345", "registrationTimestamp": 1672531200000, "status": "reserved"}], "start": 1704063600, "end": 1704067200}
  getCompany:
    speakeasy-default-get-company:
      responses:
        "200":
          application/json: {"id": "client_asdfghjklqwertyuiop", "name": "PushPress", "subdomain": "pushpress", "address": {"city": "Los Angeles", "state": "CA", "postalCode": "90210", "country": {"name": "United States", "iso": "US"}, "line1": "123 Street", "line2": "Apt 4B"}, "defaultTimezone": "America/Los_Angeles", "phone": "(555) 555-5555", "email": "support@pushpress.com", "url": "https://pushpress.com"}
        "400":
          application/json: {"key": "<value>", "key1": "<value>", "key2": "<value>"}
        "401":
          application/json: {"key": "<value>", "key1": "<value>"}
        "404":
          application/json: {"key": "<value>", "key1": "<value>"}
        "408":
          application/json: {"key": "<value>", "key1": "<value>"}
        "429":
          application/json: {"key": "<value>", "key1": "<value>", "key2": "<value>"}
        "500":
          application/json: {"key": "<value>", "key1": "<value>"}
        "501":
          application/json: {"key": "<value>", "key1": "<value>"}
        "504":
          application/json: {"key": "<value>"}
        "510":
          application/json: {"key": "<value>"}
        "511":
          application/json: {"key": "<value>", "key1": "<value>", "key2": "<value>"}
  getCustomer:
    speakeasy-default-get-customer:
      parameters:
        path:
          uuid: "b888f774-3e7c-4135-a18c-6b985523c4bc"
        header: {}
      responses:
        "200":
          application/json: {"id": "usr_1234", "companyId": "cli_1234", "name": {"first": "John", "last": "Doe", "nickname": "jimmy"}, "gender": "male", "dob": "1990-01-01", "address": {"line1": "123 Main St", "line2": "Apt 1", "city": "Anytown", "country": "US", "state": "NY", "zip": "12345"}, "assignedToStaffId": null, "account": {"type": "primary"}, "profileImage": "https://example.com/profile.jpg", "membershipDetails": {"initialMembershipStartDate": "2022-01-01"}, "email": "john@doe.com", "phone": "+1-800-555-1234", "role": "member"}
  listCustomers:
    speakeasy-default-list-customers:
      parameters:
        query:
          page: 1
          limit: 10
        header: {}
      responses:
        "200":
          application/json: {"data": {"resultArray": [{"id": "usr_1234", "companyId": "cli_1234", "name": {"first": "John", "last": "Doe", "nickname": "jimmy"}, "gender": "male", "dob": "1990-01-01", "address": {"line1": "123 Main St", "line2": "Apt 1", "city": "Anytown", "country": "US", "state": "NY", "zip": "12345"}, "assignedToStaffId": null, "account": {"type": "primary"}, "profileImage": "https://example.com/profile.jpg", "membershipDetails": {"initialMembershipStartDate": "2022-01-01"}, "email": "john@doe.com", "phone": "+1-800-555-1234", "role": "member"}]}}
        "400":
          application/json: {"key": "<value>", "key1": "<value>", "key2": "<value>"}
        "401":
          application/json: {"key": "<value>", "key1": "<value>"}
        "404":
          application/json: {"key": "<value>", "key1": "<value>", "key2": "<value>"}
        "408":
          application/json: {"key": "<value>"}
        "429":
          application/json: {"key": "<value>"}
        "500":
          application/json: {"key": "<value>"}
        "501":
          application/json: {"key": "<value>", "key1": "<value>"}
        "504":
          application/json: {"key": "<value>", "key1": "<value>"}
        "510":
          application/json: {"key": "<value>"}
        "511":
          application/json: {"key": "<value>", "key1": "<value>", "key2": "<value>"}
  createApiKey:
    speakeasy-default-create-api-key:
      requestBody:
        application/json: {"name": "my-key", "description": "my key", "expiresAt": 1672531200000}
      responses:
        "201":
          application/json: {"keyUuid": "key_asdfghjklqwertyuiop", "companyId": "client_asdfghjklqwertyuiop", "name": "My API Key", "description": "Additional description to add context to the key", "createdAt": 1577836800000, "apiKey": "<value>"}
        "401":
          application/json: {"key": "<value>", "key1": "<value>"}
        "404":
          application/json: {"key": "<value>", "key1": "<value>"}
        "408":
          application/json: {"key": "<value>", "key1": "<value>"}
        "413":
          application/json: {"key": "<value>"}
        "429":
          application/json: {"key": "<value>"}
        "500":
          application/json: {"key": "<value>", "key1": "<value>", "key2": "<value>"}
        "501":
          application/json: {"key": "<value>", "key1": "<value>", "key2": "<value>"}
        "504":
          application/json: {"key": "<value>"}
        "510":
          application/json: {"key": "<value>"}
        "511":
          application/json: {"key": "<value>"}
  listApiKeys:
    speakeasy-default-list-api-keys:
      parameters:
        query:
          limit: 100
        header: {}
      responses:
        "200":
          application/json: {"data": {"resultArray": [{"keyUuid": "key_asdfghjklqwertyuiop", "companyId": "client_asdfghjklqwertyuiop", "name": "My API Key", "description": "Additional description to add context to the key", "createdAt": 1577836800000}]}}
        "401":
          application/json: {"key": "<value>", "key1": "<value>", "key2": "<value>"}
        "404":
          application/json: {"key": "<value>", "key1": "<value>"}
        "408":
          application/json: {"key": "<value>", "key1": "<value>", "key2": "<value>"}
        "413":
          application/json: {"key": "<value>"}
        "429":
          application/json: {"key": "<value>"}
        "500":
          application/json: {"key": "<value>"}
        "501":
          application/json: {"key": "<value>", "key1": "<value>"}
        "504":
          application/json: {"key": "<value>", "key1": "<value>"}
        "510":
          application/json: {"key": "<value>"}
        "511":
          application/json: {"key": "<value>", "key1": "<value>", "key2": "<value>"}
  getApiKey:
    speakeasy-default-get-api-key:
      parameters:
        path:
          id: "<id>"
        header: {}
      responses:
        "200":
          application/json: {"keyUuid": "key_asdfghjklqwertyuiop", "companyId": "client_asdfghjklqwertyuiop", "name": "My API Key", "description": "Additional description to add context to the key", "createdAt": 1577836800000}
  revokeApiKey:
    speakeasy-default-revoke-api-key:
      parameters:
        path:
          id: "<id>"
        header: {}
      responses:
        "200":
          application/json: {"keyUuid": "key_asdfghjklqwertyuiop", "companyId": "client_asdfghjklqwertyuiop", "name": "My API Key", "description": "Additional description to add context to the key", "createdAt": 1577836800000}
  sendEmail:
    speakeasy-default-send-email:
      requestBody:
        application/json: {"customer": "<value>", "subject": "<value>", "text": "<value>", "html": "<value>", "from": "<value>"}
      responses:
        "200":
          application/json: {"status": "success"}
        "401":
          application/json: {"key": "<value>", "key1": "<value>"}
        "404":
          application/json: {"key": "<value>", "key1": "<value>"}
        "408":
          application/json: {"key": "<value>", "key1": "<value>"}
        "413":
          application/json: {"key": "<value>"}
        "429":
          application/json: {"key": "<value>", "key1": "<value>"}
        "500":
          application/json: {"key": "<value>", "key1": "<value>"}
        "501":
          application/json: {"key": "<value>", "key1": "<value>"}
        "504":
          application/json: {"key": "<value>", "key1": "<value>"}
        "510":
          application/json: {"key": "<value>", "key1": "<value>"}
        "511":
          application/json: {"key": "<value>"}
  sendEvent:
    speakeasy-default-send-event:
      requestBody:
        application/json: {"channel": "<value>", "event": "<value>"}
  sendPush:
    speakeasy-default-send-push:
      requestBody:
        application/json: {"customers": ["<value>", "<value>"], "message": "<value>"}
      responses:
        "200":
          application/json: {"errors": {"invalid_aliases": {"external_id": ["<id>", "<id>"]}}}
        "401":
          application/json: {"key": "<value>"}
        "404":
          application/json: {"key": "<value>", "key1": "<value>"}
        "408":
          application/json: {"key": "<value>", "key1": "<value>"}
        "413":
          application/json: {"key": "<value>", "key1": "<value>"}
        "429":
          application/json: {"key": "<value>", "key1": "<value>"}
        "500":
          application/json: {"key": "<value>", "key1": "<value>"}
        "501":
          application/json: {"key": "<value>"}
        "504":
          application/json: {"key": "<value>", "key1": "<value>"}
        "510":
          application/json: {"key": "<value>"}
        "511":
          application/json: {"key": "<value>", "key1": "<value>"}
  sendSms:
    speakeasy-default-send-sms:
      requestBody:
        application/json: {"message": "<value>", "to": "<value>"}
      responses:
        "200":
          application/json: "<value>"
  getPlan:
    speakeasy-default-get-plan:
      parameters:
        path:
          id: "<id>"
        header: {}
      responses:
        "200":
          application/json: {"id": "sub_12345", "name": "Unlimited Membership", "companyId": "client_12345", "recurrenceDetails": {"type": "recurring"}, "policies": {"allowClassCheckins": true, "allowOpenGymCheckins": true, "allow24HourAccess": false}, "category": {"name": "Crossfit"}}
  createWebhook:
    speakeasy-default-create-webhook:
      requestBody:
        application/json: {"url": "https://probable-heating.com/", "eventTypes": []}
      responses:
        "201":
          application/json: {"id": "<id>", "url": "https://well-documented-cd.biz", "eventTypes": [], "active": true, "signingSecret": "<value>"}
        "400":
          application/json: {"key": "<value>", "key1": "<value>", "key2": "<value>"}
        "401":
          application/json: {"key": "<value>", "key1": "<value>", "key2": "<value>"}
        "404":
          application/json: {"key": "<value>", "key1": "<value>"}
        "408":
          application/json: {"key": "<value>", "key1": "<value>", "key2": "<value>"}
        "429":
          application/json: {"key": "<value>", "key1": "<value>", "key2": "<value>"}
        "500":
          application/json: {"key": "<value>", "key1": "<value>"}
        "501":
          application/json: {"key": "<value>"}
        "504":
          application/json: {"key": "<value>"}
        "510":
          application/json: {"key": "<value>"}
        "511":
          application/json: {"key": "<value>"}
  listWebhooks:
    speakeasy-default-list-webhooks:
      responses:
        "200":
          application/json: {"data": [{"id": "<id>", "url": "https://remorseful-concentration.biz", "eventTypes": [], "active": true, "signingSecret": "<value>"}, {"id": "<id>", "url": "https://productive-affect.net", "eventTypes": [], "active": true, "signingSecret": "<value>"}, {"id": "<id>", "url": "https://roasted-language.name/", "eventTypes": [], "active": true, "signingSecret": "<value>"}]}
        "400":
          application/json: {"key": "<value>"}
        "401":
          application/json: {"key": "<value>", "key1": "<value>"}
        "404":
          application/json: {"key": "<value>", "key1": "<value>"}
        "408":
          application/json: {"key": "<value>"}
        "429":
          application/json: {"key": "<value>", "key1": "<value>", "key2": "<value>"}
        "500":
          application/json: {"key": "<value>", "key1": "<value>"}
        "501":
          application/json: {"key": "<value>", "key1": "<value>", "key2": "<value>"}
        "504":
          application/json: {"key": "<value>", "key1": "<value>"}
        "510":
          application/json: {"key": "<value>"}
        "511":
          application/json: {"key": "<value>"}
  getWebhook:
    speakeasy-default-get-webhook:
      parameters:
        path:
          uuid: "b888f774-3e7c-4135-a18c-6b985523c4bc"
        header: {}
      responses:
        "200":
          application/json: {"id": "<id>", "url": "https://glum-allocation.org", "eventTypes": ["customer.details.changed"], "active": true, "signingSecret": "<value>"}
  updateWebhook:
    speakeasy-default-update-webhook:
      parameters:
        path:
          uuid: "a7f0e743-2ce4-47cb-a60c-c78135ddeb85"
        header: {}
      requestBody:
        application/json: {"eventTypes": ["enrollment.status.changed", "class.canceled", "app.uninstalled"]}
      responses:
        "200":
          application/json: {"id": "<id>", "url": "https://mild-self-confidence.com", "eventTypes": [], "active": true, "signingSecret": "<value>"}
  deleteWebhook:
    speakeasy-default-delete-webhook:
      parameters:
        path:
          uuid: "8b6fe91a-a0b1-4b3e-ab7b-e83a32f2399e"
        header: {}
  activateWebhook:
    speakeasy-default-activate-webhook:
      parameters:
        path:
          uuid: "83e8dc47-a7ee-4254-a515-a8964d09a8f7"
        header: {}
      responses:
        "204":
          application/json: "No Content"
  rotateWebhookSigningSecret:
    speakeasy-default-rotate-webhook-signing-secret:
      parameters:
        path:
          uuid: "c38e2dba-6b03-41e1-9888-dda2ad31b95e"
        header: {}
      responses:
        "200":
          application/json: {"webhookUuid": "<id>", "signingSecret": "<value>"}
  countCheckins:
    speakeasy-default-count-checkins:
      responses:
        "200":
          application/json: {"count": 2641.66}
  createCustomer:
    speakeasy-default-create-customer:
      requestBody:
        application/json: {"email": "Loyal79@yahoo.com"}
      responses:
        "200":
          application/json: {"id": "<id>"}
  getEnrollment:
    speakeasy-default-get-enrollment:
      parameters:
        path:
          uuid: "b888f774-3e7c-4135-a18c-6b985523c4bc"
        header: {}
      responses:
        "200":
          application/json: {"id": "sub_12345", "customerId": "usr_12345", "companyId": "client_12345", "planId": "plan_12345", "billingSchedule": {"period": "month", "interval": 1}, "status": "active", "checkinDetails": {"checkins": 0, "limit": -1}, "entitlements": [{"type": "24_HOUR_ACCESS", "id": "plnentl_12345", "interval": "", "quantity": 1, "metadata": {}}]}
examplesVersion: 1.0.0
generatedTests: {}
