speakeasyVersion: 1.568.0
sources:
    PushPress-OAS:
        sourceNamespace: push-press-oas
        sourceRevisionDigest: sha256:ad737e01d70f4662c8f01b35a25330a647458d13daff428479d598aa35cd4f6d
        sourceBlobDigest: sha256:74936551441e06354c58b1d19f9f3dce5af29447b2f4fafa432dd8042b1e54c3
        tags:
            - latest
            - speakeasy-sdk-regen-1750443334
            - 3.0.0
targets:
    push-press:
        source: PushPress-OAS
        sourceNamespace: push-press-oas
        sourceRevisionDigest: sha256:ad737e01d70f4662c8f01b35a25330a647458d13daff428479d598aa35cd4f6d
        sourceBlobDigest: sha256:74936551441e06354c58b1d19f9f3dce5af29447b2f4fafa432dd8042b1e54c3
        codeSamplesNamespace: push-press-oas-typescript-code-samples
        codeSamplesRevisionDigest: sha256:915eab6ae03fca41f033a245b2aaf477d56a515215b9386288bc2be564b07827
workflow:
    workflowVersion: 1.0.0
    speakeasyVersion: latest
    sources:
        PushPress-OAS:
            inputs:
                - location: https://api.pushpressdev.com/platform/docs/openapi.json
            overlays:
                - location: https://raw.githubusercontent.com/speakeasy-sdks/pushpress-typescript-sdk/refs/heads/main/.speakeasy/speakeasy-modifications-overlay.yaml
                - location: https://raw.githubusercontent.com/speakeasy-sdks/pushpress-typescript-sdk/refs/heads/main/.speakeasy/speakeasy-suggest-error-types.yaml
            registry:
                location: registry.speakeasyapi.dev/pushpress/pushpress/push-press-oas
    targets:
        push-press:
            target: typescript
            source: PushPress-OAS
            publish:
                npm:
                    token: $npm_token
            codeSamples:
                registry:
                    location: registry.speakeasyapi.dev/pushpress/pushpress/push-press-oas-typescript-code-samples
                blocking: false
