speakeasyVersion: 1.680.11
sources:
    PushPress-OAS:
        sourceNamespace: push-press-oas
        sourceRevisionDigest: sha256:84d7acb6c1ef46b01783556ae8144ef8cb31180487a39dc6615f79876a0d86f6
        sourceBlobDigest: sha256:59fa92ed8f0e27898079ff21ce32b0e0c4a776726026ff5599df8471f1c53e61
        tags:
            - latest
            - speakeasy-sdk-regen-1767124169
            - 3.0.0
targets:
    push-press:
        source: PushPress-OAS
        sourceNamespace: push-press-oas
        sourceRevisionDigest: sha256:84d7acb6c1ef46b01783556ae8144ef8cb31180487a39dc6615f79876a0d86f6
        sourceBlobDigest: sha256:59fa92ed8f0e27898079ff21ce32b0e0c4a776726026ff5599df8471f1c53e61
        codeSamplesNamespace: push-press-oas-typescript-code-samples
        codeSamplesRevisionDigest: sha256:c83946405026b8ecb2c1eacf4363c5898efba4b1060a30ab50ad393e411b5f5d
workflow:
    workflowVersion: 1.0.0
    speakeasyVersion: latest
    sources:
        PushPress-OAS:
            inputs:
                - location: https://api.pushpressdev.com/platform/docs/openapi.json
            overlays:
                - location: https://raw.githubusercontent.com/speakeasy-sdks/pushpress-typescript-sdk/refs/heads/main/.speakeasy/speakeasy-modifications-overlay.yaml
                - location: https://raw.githubusercontent.com/speakeasy-sdks/pushpress-typescript-sdk/refs/heads/main/.speakeasy/speakeasy-suggest-error-types.yaml
            registry:
                location: registry.speakeasyapi.dev/pushpress/pushpress/push-press-oas
    targets:
        push-press:
            target: typescript
            source: PushPress-OAS
            publish:
                npm:
                    token: $npm_token
            codeSamples:
                registry:
                    location: registry.speakeasyapi.dev/pushpress/pushpress/push-press-oas-typescript-code-samples
                blocking: false
