speakeasyVersion: 1.486.0
sources:
    PushPress-OAS:
        sourceNamespace: push-press-oas
        sourceRevisionDigest: sha256:389c21bc0f6d1423f9547083f82e874ea87ae53468828c483616c38e97a98b8c
        sourceBlobDigest: sha256:2a9038569758ffe294d32375dba36a68c3db234f32c0b44b86da6335489d4a30
        tags:
            - latest
            - speakeasy-sdk-regen-1741636040
            - 3.0.0
targets:
    push-press:
        source: PushPress-OAS
        sourceNamespace: push-press-oas
        sourceRevisionDigest: sha256:389c21bc0f6d1423f9547083f82e874ea87ae53468828c483616c38e97a98b8c
        sourceBlobDigest: sha256:2a9038569758ffe294d32375dba36a68c3db234f32c0b44b86da6335489d4a30
        codeSamplesNamespace: push-press-oas-typescript-code-samples
        codeSamplesRevisionDigest: sha256:69912ddb286d3a9ebd390bb7bc573b65a7a6d2bf67b55a474c872c815a5e23b4
workflow:
    workflowVersion: 1.0.0
    speakeasyVersion: latest
    sources:
        PushPress-OAS:
            inputs:
                - location: https://api.pushpressdev.com/platform/docs/openapi.json
            overlays:
                - location: https://raw.githubusercontent.com/speakeasy-sdks/pushpress-typescript-sdk/refs/heads/main/.speakeasy/speakeasy-modifications-overlay.yaml
                - location: https://raw.githubusercontent.com/speakeasy-sdks/pushpress-typescript-sdk/refs/heads/main/.speakeasy/speakeasy-suggest-error-types.yaml
            registry:
                location: registry.speakeasyapi.dev/pushpress/pushpress/push-press-oas
    targets:
        push-press:
            target: typescript
            source: PushPress-OAS
            publish:
                npm:
                    token: $npm_token
            codeSamples:
                registry:
                    location: registry.speakeasyapi.dev/pushpress/pushpress/push-press-oas-typescript-code-samples
                blocking: false
